
Microsoft Visual Studio Solution File, Format Version 12.00
# Visual Studio Version 17
VisualStudioVersion = 17.0.32112.339
MinimumVisualStudioVersion = 10.0.40219.1
Project("{FAE04EC0-301F-11D3-BF4B-00C04F79EFBC}") = "DiscordBot", "DiscordBot\DiscordBot.csproj", "{00194BCB-98EE-4472-B4A6-83B4AE37B8C6}"
EndProject
Global
	GlobalSection(SolutionConfigurationPlatforms) = preSolution
		Debug|Any CPU = Debug|Any CPU
		Release|Any CPU = Release|Any CPU
	EndGlobalSection
	GlobalSection(ProjectConfigurationPlatforms) = postSolution
		{00194BCB-98EE-4472-B4A6-83B4AE37B8C6}.Debug|Any CPU.ActiveCfg = Debug|Any CPU
		{00194BCB-98EE-4472-B4A6-83B4AE37B8C6}.Debug|Any CPU.Build.0 = Debug|Any CPU
		{00194BCB-98EE-4472-B4A6-83B4AE37B8C6}.Release|Any CPU.ActiveCfg = Release|Any CPU
		{00194BCB-98EE-4472-B4A6-83B4AE37B8C6}.Release|Any CPU.Build.0 = Release|Any CPU
	EndGlobalSection
	GlobalSection(SolutionProperties) = preSolution
		HideSolutionNode = FALSE
	EndGlobalSection
	GlobalSection(ExtensibilityGlobals) = postSolution
		SolutionGuid = {28C369F7-54A2-45F8-B0AB-1EED4E3DB677}
	EndGlobalSection
EndGlobal
